# This file was autogenerated by Stack.
# You should not edit this file by hand.
# For more information, please see the documentation at:
#   https://docs.haskellstack.org/en/stable/lock_files

packages:
- completed:
    hackage: aws-lambda-haskell-runtime-3.0.5@sha256:3bbb01d7f13a614c6abac697d48cfd3e55513acd1d127c77a780dc4debf22950,2938
    pantry-tree:
      size: 1560
      sha256: 574d75a01951f27e31c2eb2758d5a47a30353d9df9ba4852d64f2e0d04e4b258
  original:
    hackage: aws-lambda-haskell-runtime-3.0.5
- completed:
    hackage: hspec-2.7.4@sha256:8d0430e4a7ba8fa1482a1766fd4973f0c5e7c5adf512bded7358269bb9486c9e,1692
    pantry-tree:
      size: 532
      sha256: 6a6ba1798090ee6245f5995303b6ccf1afea26c73d4e69b95330c8914056d420
  original:
    hackage: hspec-2.7.4
snapshots:
- completed:
    size: 496120
    url: https://raw.githubusercontent.com/commercialhaskell/stackage-snapshots/master/lts/15/16.yaml
    sha256: cf30623a2c147f51eecc8f9d6440f5d1b671af21380505e633faff32b565f3d5
  original: lts-15.16
